
Microsoft Visual Studio Solution File, Format Version 12.00
# Visual Studio Version 17
VisualStudioVersion = 17.1.32328.378
MinimumVisualStudioVersion = 10.0.40219.1
Project("{FAE04EC0-301F-11D3-BF4B-00C04F79EFBC}") = "CK", "CK\CK.csproj", "{86EA6CB9-553D-4E48-A77F-FBDB05C7539C}"
EndProject
Global
	GlobalSection(SolutionConfigurationPlatforms) = preSolution
		Debug|Any CPU = Debug|Any CPU
		Release|Any CPU = Release|Any CPU
	EndGlobalSection
	GlobalSection(ProjectConfigurationPlatforms) = postSolution
		{86EA6CB9-553D-4E48-A77F-FBDB05C7539C}.Debug|Any CPU.ActiveCfg = Debug|Any CPU
		{86EA6CB9-553D-4E48-A77F-FBDB05C7539C}.Debug|Any CPU.Build.0 = Debug|Any CPU
		{86EA6CB9-553D-4E48-A77F-FBDB05C7539C}.Release|Any CPU.ActiveCfg = Release|Any CPU
		{86EA6CB9-553D-4E48-A77F-FBDB05C7539C}.Release|Any CPU.Build.0 = Release|Any CPU
	EndGlobalSection
	GlobalSection(SolutionProperties) = preSolution
		HideSolutionNode = FALSE
	EndGlobalSection
	GlobalSection(ExtensibilityGlobals) = postSolution
		SolutionGuid = {EE2F389E-813A-4615-9B32-E34F7815EFCE}
	EndGlobalSection
EndGlobal
